
Microsoft Visual Studio Solution File, Format Version 12.00
# Visual Studio Version 17
VisualStudioVersion = 17.1.31911.260
MinimumVisualStudioVersion = 10.0.40219.1
Project("{8BC9CEB8-8B4A-11D0-8D11-00A0C91BC942}") = "gl", "gl\gl.vcxproj", "{76BE9F22-9B74-4812-BE9A-B29DE6F621DC}"
EndProject
Project("{8BC9CEB8-8B4A-11D0-8D11-00A0C91BC942}") = "DDA", "DDA\DDA.vcxproj", "{F20BA976-4EAA-4CFD-BF68-603A344A9951}"
EndProject
Project("{8BC9CEB8-8B4A-11D0-8D11-00A0C91BC942}") = "maze", "maze\maze.vcxproj", "{D4EEEEF1-1013-4464-B017-E2172F99BEF6}"
EndProject
Project("{8BC9CEB8-8B4A-11D0-8D11-00A0C91BC942}") = "flag", "projection\projection.vcxproj", "{FFA2C547-A100-4D51-95CB-D1E4C5860E24}"
EndProject
Project("{8BC9CEB8-8B4A-11D0-8D11-00A0C91BC942}") = "obj", "obj\obj.vcxproj", "{96AFFC7A-780C-4A83-BCBB-E6AB660D2F7E}"
EndProject
Project("{8BC9CEB8-8B4A-11D0-8D11-00A0C91BC942}") = "tex", "tex\tex.vcxproj", "{38FA72DC-E73C-4D52-92E4-DF755475944C}"
EndProject
Project("{8BC9CEB8-8B4A-11D0-8D11-00A0C91BC942}") = "specular", "specular\specular.vcxproj", "{712A21B3-C048-458F-8260-5FF294FFD05D}"
EndProject
Project("{8BC9CEB8-8B4A-11D0-8D11-00A0C91BC942}") = "curve", "curve\curve.vcxproj", "{8F9DB1D7-9921-426E-9CBE-E5B7F20C835E}"
EndProject
Project("{8BC9CEB8-8B4A-11D0-8D11-00A0C91BC942}") = "surface", "surface\surface.vcxproj", "{7CF4FEFF-157B-4A2F-8E2E-AAB2877F47DA}"
EndProject
Project("{8BC9CEB8-8B4A-11D0-8D11-00A0C91BC942}") = "horse", "horse\horse.vcxproj", "{5CD6E218-BE4E-4036-86DE-06FBA7F7EEAC}"
EndProject
Project("{8BC9CEB8-8B4A-11D0-8D11-00A0C91BC942}") = "cactus", "cactus\cactus.vcxproj", "{52F35C11-01F1-4ADD-A8EF-0CDD9BBB87B5}"
EndProject
Global
	GlobalSection(SolutionConfigurationPlatforms) = preSolution
		Debug|x64 = Debug|x64
		Debug|x86 = Debug|x86
		Release|x64 = Release|x64
		Release|x86 = Release|x86
	EndGlobalSection
	GlobalSection(ProjectConfigurationPlatforms) = postSolution
		{76BE9F22-9B74-4812-BE9A-B29DE6F621DC}.Debug|x64.ActiveCfg = Debug|x64
		{76BE9F22-9B74-4812-BE9A-B29DE6F621DC}.Debug|x64.Build.0 = Debug|x64
		{76BE9F22-9B74-4812-BE9A-B29DE6F621DC}.Debug|x86.ActiveCfg = Debug|Win32
		{76BE9F22-9B74-4812-BE9A-B29DE6F621DC}.Debug|x86.Build.0 = Debug|Win32
		{76BE9F22-9B74-4812-BE9A-B29DE6F621DC}.Release|x64.ActiveCfg = Release|x64
		{76BE9F22-9B74-4812-BE9A-B29DE6F621DC}.Release|x64.Build.0 = Release|x64
		{76BE9F22-9B74-4812-BE9A-B29DE6F621DC}.Release|x86.ActiveCfg = Release|Win32
		{76BE9F22-9B74-4812-BE9A-B29DE6F621DC}.Release|x86.Build.0 = Release|Win32
		{F20BA976-4EAA-4CFD-BF68-603A344A9951}.Debug|x64.ActiveCfg = Debug|x64
		{F20BA976-4EAA-4CFD-BF68-603A344A9951}.Debug|x64.Build.0 = Debug|x64
		{F20BA976-4EAA-4CFD-BF68-603A344A9951}.Debug|x86.ActiveCfg = Debug|Win32
		{F20BA976-4EAA-4CFD-BF68-603A344A9951}.Debug|x86.Build.0 = Debug|Win32
		{F20BA976-4EAA-4CFD-BF68-603A344A9951}.Release|x64.ActiveCfg = Release|x64
		{F20BA976-4EAA-4CFD-BF68-603A344A9951}.Release|x64.Build.0 = Release|x64
		{F20BA976-4EAA-4CFD-BF68-603A344A9951}.Release|x86.ActiveCfg = Release|Win32
		{F20BA976-4EAA-4CFD-BF68-603A344A9951}.Release|x86.Build.0 = Release|Win32
		{D4EEEEF1-1013-4464-B017-E2172F99BEF6}.Debug|x64.ActiveCfg = Debug|x64
		{D4EEEEF1-1013-4464-B017-E2172F99BEF6}.Debug|x64.Build.0 = Debug|x64
		{D4EEEEF1-1013-4464-B017-E2172F99BEF6}.Debug|x86.ActiveCfg = Debug|Win32
		{D4EEEEF1-1013-4464-B017-E2172F99BEF6}.Debug|x86.Build.0 = Debug|Win32
		{D4EEEEF1-1013-4464-B017-E2172F99BEF6}.Release|x64.ActiveCfg = Release|x64
		{D4EEEEF1-1013-4464-B017-E2172F99BEF6}.Release|x64.Build.0 = Release|x64
		{D4EEEEF1-1013-4464-B017-E2172F99BEF6}.Release|x86.ActiveCfg = Release|Win32
		{D4EEEEF1-1013-4464-B017-E2172F99BEF6}.Release|x86.Build.0 = Release|Win32
		{FFA2C547-A100-4D51-95CB-D1E4C5860E24}.Debug|x64.ActiveCfg = Debug|x64
		{FFA2C547-A100-4D51-95CB-D1E4C5860E24}.Debug|x64.Build.0 = Debug|x64
		{FFA2C547-A100-4D51-95CB-D1E4C5860E24}.Debug|x86.ActiveCfg = Debug|Win32
		{FFA2C547-A100-4D51-95CB-D1E4C5860E24}.Debug|x86.Build.0 = Debug|Win32
		{FFA2C547-A100-4D51-95CB-D1E4C5860E24}.Release|x64.ActiveCfg = Release|x64
		{FFA2C547-A100-4D51-95CB-D1E4C5860E24}.Release|x64.Build.0 = Release|x64
		{FFA2C547-A100-4D51-95CB-D1E4C5860E24}.Release|x86.ActiveCfg = Release|Win32
		{FFA2C547-A100-4D51-95CB-D1E4C5860E24}.Release|x86.Build.0 = Release|Win32
		{96AFFC7A-780C-4A83-BCBB-E6AB660D2F7E}.Debug|x64.ActiveCfg = Debug|x64
		{96AFFC7A-780C-4A83-BCBB-E6AB660D2F7E}.Debug|x64.Build.0 = Debug|x64
		{96AFFC7A-780C-4A83-BCBB-E6AB660D2F7E}.Debug|x86.ActiveCfg = Debug|Win32
		{96AFFC7A-780C-4A83-BCBB-E6AB660D2F7E}.Debug|x86.Build.0 = Debug|Win32
		{96AFFC7A-780C-4A83-BCBB-E6AB660D2F7E}.Release|x64.ActiveCfg = Release|x64
		{96AFFC7A-780C-4A83-BCBB-E6AB660D2F7E}.Release|x64.Build.0 = Release|x64
		{96AFFC7A-780C-4A83-BCBB-E6AB660D2F7E}.Release|x86.ActiveCfg = Release|Win32
		{96AFFC7A-780C-4A83-BCBB-E6AB660D2F7E}.Release|x86.Build.0 = Release|Win32
		{38FA72DC-E73C-4D52-92E4-DF755475944C}.Debug|x64.ActiveCfg = Debug|x64
		{38FA72DC-E73C-4D52-92E4-DF755475944C}.Debug|x64.Build.0 = Debug|x64
		{38FA72DC-E73C-4D52-92E4-DF755475944C}.Debug|x86.ActiveCfg = Debug|Win32
		{38FA72DC-E73C-4D52-92E4-DF755475944C}.Debug|x86.Build.0 = Debug|Win32
		{38FA72DC-E73C-4D52-92E4-DF755475944C}.Release|x64.ActiveCfg = Release|x64
		{38FA72DC-E73C-4D52-92E4-DF755475944C}.Release|x64.Build.0 = Release|x64
		{38FA72DC-E73C-4D52-92E4-DF755475944C}.Release|x86.ActiveCfg = Release|Win32
		{38FA72DC-E73C-4D52-92E4-DF755475944C}.Release|x86.Build.0 = Release|Win32
		{712A21B3-C048-458F-8260-5FF294FFD05D}.Debug|x64.ActiveCfg = Debug|x64
		{712A21B3-C048-458F-8260-5FF294FFD05D}.Debug|x64.Build.0 = Debug|x64
		{712A21B3-C048-458F-8260-5FF294FFD05D}.Debug|x86.ActiveCfg = Debug|Win32
		{712A21B3-C048-458F-8260-5FF294FFD05D}.Debug|x86.Build.0 = Debug|Win32
		{712A21B3-C048-458F-8260-5FF294FFD05D}.Release|x64.ActiveCfg = Release|x64
		{712A21B3-C048-458F-8260-5FF294FFD05D}.Release|x64.Build.0 = Release|x64
		{712A21B3-C048-458F-8260-5FF294FFD05D}.Release|x86.ActiveCfg = Release|Win32
		{712A21B3-C048-458F-8260-5FF294FFD05D}.Release|x86.Build.0 = Release|Win32
		{8F9DB1D7-9921-426E-9CBE-E5B7F20C835E}.Debug|x64.ActiveCfg = Debug|x64
		{8F9DB1D7-9921-426E-9CBE-E5B7F20C835E}.Debug|x64.Build.0 = Debug|x64
		{8F9DB1D7-9921-426E-9CBE-E5B7F20C835E}.Debug|x86.ActiveCfg = Debug|Win32
		{8F9DB1D7-9921-426E-9CBE-E5B7F20C835E}.Debug|x86.Build.0 = Debug|Win32
		{8F9DB1D7-9921-426E-9CBE-E5B7F20C835E}.Release|x64.ActiveCfg = Release|x64
		{8F9DB1D7-9921-426E-9CBE-E5B7F20C835E}.Release|x64.Build.0 = Release|x64
		{8F9DB1D7-9921-426E-9CBE-E5B7F20C835E}.Release|x86.ActiveCfg = Release|Win32
		{8F9DB1D7-9921-426E-9CBE-E5B7F20C835E}.Release|x86.Build.0 = Release|Win32
		{7CF4FEFF-157B-4A2F-8E2E-AAB2877F47DA}.Debug|x64.ActiveCfg = Debug|x64
		{7CF4FEFF-157B-4A2F-8E2E-AAB2877F47DA}.Debug|x64.Build.0 = Debug|x64
		{7CF4FEFF-157B-4A2F-8E2E-AAB2877F47DA}.Debug|x86.ActiveCfg = Debug|Win32
		{7CF4FEFF-157B-4A2F-8E2E-AAB2877F47DA}.Debug|x86.Build.0 = Debug|Win32
		{7CF4FEFF-157B-4A2F-8E2E-AAB2877F47DA}.Release|x64.ActiveCfg = Release|x64
		{7CF4FEFF-157B-4A2F-8E2E-AAB2877F47DA}.Release|x64.Build.0 = Release|x64
		{7CF4FEFF-157B-4A2F-8E2E-AAB2877F47DA}.Release|x86.ActiveCfg = Release|Win32
		{7CF4FEFF-157B-4A2F-8E2E-AAB2877F47DA}.Release|x86.Build.0 = Release|Win32
		{5CD6E218-BE4E-4036-86DE-06FBA7F7EEAC}.Debug|x64.ActiveCfg = Debug|x64
		{5CD6E218-BE4E-4036-86DE-06FBA7F7EEAC}.Debug|x64.Build.0 = Debug|x64
		{5CD6E218-BE4E-4036-86DE-06FBA7F7EEAC}.Debug|x86.ActiveCfg = Debug|Win32
		{5CD6E218-BE4E-4036-86DE-06FBA7F7EEAC}.Debug|x86.Build.0 = Debug|Win32
		{5CD6E218-BE4E-4036-86DE-06FBA7F7EEAC}.Release|x64.ActiveCfg = Release|x64
		{5CD6E218-BE4E-4036-86DE-06FBA7F7EEAC}.Release|x64.Build.0 = Release|x64
		{5CD6E218-BE4E-4036-86DE-06FBA7F7EEAC}.Release|x86.ActiveCfg = Release|Win32
		{5CD6E218-BE4E-4036-86DE-06FBA7F7EEAC}.Release|x86.Build.0 = Release|Win32
		{52F35C11-01F1-4ADD-A8EF-0CDD9BBB87B5}.Debug|x64.ActiveCfg = Debug|x64
		{52F35C11-01F1-4ADD-A8EF-0CDD9BBB87B5}.Debug|x64.Build.0 = Debug|x64
		{52F35C11-01F1-4ADD-A8EF-0CDD9BBB87B5}.Debug|x86.ActiveCfg = Debug|Win32
		{52F35C11-01F1-4ADD-A8EF-0CDD9BBB87B5}.Debug|x86.Build.0 = Debug|Win32
		{52F35C11-01F1-4ADD-A8EF-0CDD9BBB87B5}.Release|x64.ActiveCfg = Release|x64
		{52F35C11-01F1-4ADD-A8EF-0CDD9BBB87B5}.Release|x64.Build.0 = Release|x64
		{52F35C11-01F1-4ADD-A8EF-0CDD9BBB87B5}.Release|x86.ActiveCfg = Release|Win32
		{52F35C11-01F1-4ADD-A8EF-0CDD9BBB87B5}.Release|x86.Build.0 = Release|Win32
	EndGlobalSection
	GlobalSection(SolutionProperties) = preSolution
		HideSolutionNode = FALSE
	EndGlobalSection
	GlobalSection(ExtensibilityGlobals) = postSolution
		SolutionGuid = {EBFE06C1-FE3B-4DA1-97DF-5DF004A49FBD}
	EndGlobalSection
EndGlobal
